// !$*UTF8*$!
{
	archiveVersion = 1;
	classes = {
	};
	objectVersion = 46;
	objects = {

/* Begin PBXBuildFile section */
		48720D7D1C7E362400AC870A /* main.m in Sources */ = {isa = PBXBuildFile; fileRef = 48720D7C1C7E362400AC870A /* main.m */; };
		48720D801C7E362400AC870A /* AppDelegate.m in Sources */ = {isa = PBXBuildFile; fileRef = 48720D7F1C7E362400AC870A /* AppDelegate.m */; };
		48720D831C7E362400AC870A /* SampleViewController.m in Sources */ = {isa = PBXBuildFile; fileRef = 48720D821C7E362400AC870A /* SampleViewController.m */; };
		48720D861C7E362400AC870A /* Main.storyboard in Resources */ = {isa = PBXBuildFile; fileRef = 48720D841C7E362400AC870A /* Main.storyboard */; };
		48720D881C7E362400AC870A /* Assets.xcassets in Resources */ = {isa = PBXBuildFile; fileRef = 48720D871C7E362400AC870A /* Assets.xcassets */; };
		48720D8B1C7E362400AC870A /* LaunchScreen.storyboard in Resources */ = {isa = PBXBuildFile; fileRef = 48720D891C7E362400AC870A /* LaunchScreen.storyboard */; };
		48720D951C7E390500AC870A /* Charlotte Sans Book.otf in Resources */ = {isa = PBXBuildFile; fileRef = 48720D921C7E390500AC870A /* Charlotte Sans Book.otf */; };
		48720D961C7E390500AC870A /* Monotype Sabon Italic.otf in Resources */ = {isa = PBXBuildFile; fileRef = 48720D931C7E390500AC870A /* Monotype Sabon Italic.otf */; };
		48720D971C7E390500AC870A /* Monotype Sabon Regular.otf in Resources */ = {isa = PBXBuildFile; fileRef = 48720D941C7E390500AC870A /* Monotype Sabon Regular.otf */; };
		48720D991C7E392400AC870A /* iPhone.css in Resources */ = {isa = PBXBuildFile; fileRef = 48720D981C7E392400AC870A /* iPhone.css */; };
/* End PBXBuildFile section */

/* Begin PBXFileReference section */
		48720D781C7E362400AC870A /* WKWebViewCustomFont.app */ = {isa = PBXFileReference; explicitFileType = wrapper.application; includeInIndex = 0; path = WKWebViewCustomFont.app; sourceTree = BUILT_PRODUCTS_DIR; };
		48720D7C1C7E362400AC870A /* main.m */ = {isa = PBXFileReference; lastKnownFileType = sourcecode.c.objc; path = main.m; sourceTree = "<group>"; };
		48720D7E1C7E362400AC870A /* AppDelegate.h */ = {isa = PBXFileReference; lastKnownFileType = sourcecode.c.h; path = AppDelegate.h; sourceTree = "<group>"; };
		48720D7F1C7E362400AC870A /* AppDelegate.m */ = {isa = PBXFileReference; lastKnownFileType = sourcecode.c.objc; path = AppDelegate.m; sourceTree = "<group>"; };
		48720D811C7E362400AC870A /* SampleViewController.h */ = {isa = PBXFileReference; lastKnownFileType = sourcecode.c.h; path = SampleViewController.h; sourceTree = "<group>"; };
		48720D821C7E362400AC870A /* SampleViewController.m */ = {isa = PBXFileReference; lastKnownFileType = sourcecode.c.objc; path = SampleViewController.m; sourceTree = "<group>"; };
		48720D851C7E362400AC870A /* Base */ = {isa = PBXFileReference; lastKnownFileType = file.storyboard; name = Base; path = Base.lproj/Main.storyboard; sourceTree = "<group>"; };
		48720D871C7E362400AC870A /* Assets.xcassets */ = {isa = PBXFileReference; lastKnownFileType = folder.assetcatalog; path = Assets.xcassets; sourceTree = "<group>"; };
		48720D8A1C7E362400AC870A /* Base */ = {isa = PBXFileReference; lastKnownFileType = file.storyboard; name = Base; path = Base.lproj/LaunchScreen.storyboard; sourceTree = "<group>"; };
		48720D8C1C7E362400AC870A /* Info.plist */ = {isa = PBXFileReference; lastKnownFileType = text.plist.xml; path = Info.plist; sourceTree = "<group>"; };
		48720D921C7E390500AC870A /* Charlotte Sans Book.otf */ = {isa = PBXFileReference; lastKnownFileType = file; path = "Charlotte Sans Book.otf"; sourceTree = "<group>"; };
		48720D931C7E390500AC870A /* Monotype Sabon Italic.otf */ = {isa = PBXFileReference; lastKnownFileType = file; path = "Monotype Sabon Italic.otf"; sourceTree = "<group>"; };
		48720D941C7E390500AC870A /* Monotype Sabon Regular.otf */ = {isa = PBXFileReference; lastKnownFileType = file; path = "Monotype Sabon Regular.otf"; sourceTree = "<group>"; };
		48720D981C7E392400AC870A /* iPhone.css */ = {isa = PBXFileReference; fileEncoding = 4; lastKnownFileType = text.css; path = iPhone.css; sourceTree = "<group>"; };
/* End PBXFileReference section */

/* Begin PBXFrameworksBuildPhase section */
		48720D751C7E362400AC870A /* Frameworks */ = {
			isa = PBXFrameworksBuildPhase;
			buildActionMask = 2147483647;
			files = (
			);
			runOnlyForDeploymentPostprocessing = 0;
		};
/* End PBXFrameworksBuildPhase section */

/* Begin PBXGroup section */
		48720D6F1C7E362400AC870A = {
			isa = PBXGroup;
			children = (
				48720D7A1C7E362400AC870A /* WKWebViewCustomFont */,
				48720D791C7E362400AC870A /* Products */,
			);
			sourceTree = "<group>";
		};
		48720D791C7E362400AC870A /* Products */ = {
			isa = PBXGroup;
			children = (
				48720D781C7E362400AC870A /* WKWebViewCustomFont.app */,
			);
			name = Products;
			sourceTree = "<group>";
		};
		48720D7A1C7E362400AC870A /* WKWebViewCustomFont */ = {
			isa = PBXGroup;
			children = (
				48720D981C7E392400AC870A /* iPhone.css */,
				48720D921C7E390500AC870A /* Charlotte Sans Book.otf */,
				48720D931C7E390500AC870A /* Monotype Sabon Italic.otf */,
				48720D941C7E390500AC870A /* Monotype Sabon Regular.otf */,
				48720D7E1C7E362400AC870A /* AppDelegate.h */,
				48720D7F1C7E362400AC870A /* AppDelegate.m */,
				48720D811C7E362400AC870A /* SampleViewController.h */,
				48720D821C7E362400AC870A /* SampleViewController.m */,
				48720D841C7E362400AC870A /* Main.storyboard */,
				48720D871C7E362400AC870A /* Assets.xcassets */,
				48720D891C7E362400AC870A /* LaunchScreen.storyboard */,
				48720D8C1C7E362400AC870A /* Info.plist */,
				48720D7B1C7E362400AC870A /* Supporting Files */,
			);
			path = WKWebViewCustomFont;
			sourceTree = "<group>";
		};
		48720D7B1C7E362400AC870A /* Supporting Files */ = {
			isa = PBXGroup;
			children = (
				48720D7C1C7E362400AC870A /* main.m */,
			);
			name = "Supporting Files";
			sourceTree = "<group>";
		};
/* End PBXGroup section */

/* Begin PBXNativeTarget section */
		48720D771C7E362400AC870A /* WKWebViewCustomFont */ = {
			isa = PBXNativeTarget;
			buildConfigurationList = 48720D8F1C7E362500AC870A /* Build configuration list for PBXNativeTarget "WKWebViewCustomFont" */;
			buildPhases = (
				48720D741C7E362400AC870A /* Sources */,
				48720D751C7E362400AC870A /* Frameworks */,
				48720D761C7E362400AC870A /* Resources */,
			);
			buildRules = (
			);
			dependencies = (
			);
			name = WKWebViewCustomFont;
			productName = WKWebViewCustomFont;
			productReference = 48720D781C7E362400AC870A /* WKWebViewCustomFont.app */;
			productType = "com.apple.product-type.application";
		};
/* End PBXNativeTarget section */

/* Begin PBXProject section */
		48720D701C7E362400AC870A /* Project object */ = {
			isa = PBXProject;
			attributes = {
				LastUpgradeCheck = 0720;
				ORGANIZATIONNAME = "Aditya Deshmane";
				TargetAttributes = {
					48720D771C7E362400AC870A = {
						CreatedOnToolsVersion = 7.2;
					};
				};
			};
			buildConfigurationList = 48720D731C7E362400AC870A /* Build configuration list for PBXProject "WKWebViewCustomFont" */;
			compatibilityVersion = "Xcode 3.2";
			developmentRegion = English;
			hasScannedForEncodings = 0;
			knownRegions = (
				en,
				Base,
			);
			mainGroup = 48720D6F1C7E362400AC870A;
			productRefGroup = 48720D791C7E362400AC870A /* Products */;
			projectDirPath = "";
			projectRoot = "";
			targets = (
				48720D771C7E362400AC870A /* WKWebViewCustomFont */,
			);
		};
/* End PBXProject section */

/* Begin PBXResourcesBuildPhase section */
		48720D761C7E362400AC870A /* Resources */ = {
			isa = PBXResourcesBuildPhase;
			buildActionMask = 2147483647;
			files = (
				48720D951C7E390500AC870A /* Charlotte Sans Book.otf in Resources */,
				48720D971C7E390500AC870A /* Monotype Sabon Regular.otf in Resources */,
				48720D8B1C7E362400AC870A /* LaunchScreen.storyboard in Resources */,
				48720D991C7E392400AC870A /* iPhone.css in Resources */,
				48720D961C7E390500AC870A /* Monotype Sabon Italic.otf in Resources */,
				48720D881C7E362400AC870A /* Assets.xcassets in Resources */,
				48720D861C7E362400AC870A /* Main.storyboard in Resources */,
			);
			runOnlyForDeploymentPostprocessing = 0;
		};
/* End PBXResourcesBuildPhase section */

/* Begin PBXSourcesBuildPhase section */
		48720D741C7E362400AC870A /* Sources */ = {
			isa = PBXSourcesBuildPhase;
			buildActionMask = 2147483647;
			files = (
				48720D831C7E362400AC870A /* SampleViewController.m in Sources */,
				48720D801C7E362400AC870A /* AppDelegate.m in Sources */,
				48720D7D1C7E362400AC870A /* main.m in Sources */,
			);
			runOnlyForDeploymentPostprocessing = 0;
		};
/* End PBXSourcesBuildPhase section */

/* Begin PBXVariantGroup section */
		48720D841C7E362400AC870A /* Main.storyboard */ = {
			isa = PBXVariantGroup;
			children = (
				48720D851C7E362400AC870A /* Base */,
			);
			name = Main.storyboard;
			sourceTree = "<group>";
		};
		48720D891C7E362400AC870A /* LaunchScreen.storyboard */ = {
			isa = PBXVariantGroup;
			children = (
				48720D8A1C7E362400AC870A /* Base */,
			);
			name = LaunchScreen.storyboard;
			sourceTree = "<group>";
		};
/* End PBXVariantGroup section */

/* Begin XCBuildConfiguration section */
		48720D8D1C7E362500AC870A /* Debug */ = {
			isa = XCBuildConfiguration;
			buildSettings = {
				ALWAYS_SEARCH_USER_PATHS = NO;
				CLANG_CXX_LANGUAGE_STANDARD = "gnu++0x";
				CLANG_CXX_LIBRARY = "libc++";
				CLANG_ENABLE_MODULES = YES;
				CLANG_ENABLE_OBJC_ARC = YES;
				CLANG_WARN_BOOL_CONVERSION = YES;
				CLANG_WARN_CONSTANT_CONVERSION = YES;
				CLANG_WARN_DIRECT_OBJC_ISA_USAGE = YES_ERROR;
				CLANG_WARN_EMPTY_BODY = YES;
				CLANG_WARN_ENUM_CONVERSION = YES;
				CLANG_WARN_INT_CONVERSION = YES;
				CLANG_WARN_OBJC_ROOT_CLASS = YES_ERROR;
				CLANG_WARN_UNREACHABLE_CODE = YES;
				CLANG_WARN__DUPLICATE_METHOD_MATCH = YES;
				"CODE_SIGN_IDENTITY[sdk=iphoneos*]" = "iPhone Developer";
				COPY_PHASE_STRIP = NO;
				DEBUG_INFORMATION_FORMAT = dwarf;
				ENABLE_STRICT_OBJC_MSGSEND = YES;
				ENABLE_TESTABILITY = YES;
				GCC_C_LANGUAGE_STANDARD = gnu99;
				GCC_DYNAMIC_NO_PIC = NO;
				GCC_NO_COMMON_BLOCKS = YES;
				GCC_OPTIMIZATION_LEVEL = 0;
				GCC_PREPROCESSOR_DEFINITIONS = (
					"DEBUG=1",
					"$(inherited)",
				);
				GCC_WARN_64_TO_32_BIT_CONVERSION = YES;
				GCC_WARN_ABOUT_RETURN_TYPE = YES_ERROR;
				GCC_WARN_UNDECLARED_SELECTOR = YES;
				GCC_WARN_UNINITIALIZED_AUTOS = YES_AGGRESSIVE;
				GCC_WARN_UNUSED_FUNCTION = YES;
				GCC_WARN_UNUSED_VARIABLE = YES;
				IPHONEOS_DEPLOYMENT_TARGET = 9.2;
				MTL_ENABLE_DEBUG_INFO = YES;
				ONLY_ACTIVE_ARCH = YES;
				SDKROOT = iphoneos;
				TARGETED_DEVICE_FAMILY = "1,2";
			};
			name = Debug;
		};
		48720D8E1C7E362500AC870A /* Release */ = {
			isa = XCBuildConfiguration;
			buildSettings = {
				ALWAYS_SEARCH_USER_PATHS = NO;
				CLANG_CXX_LANGUAGE_STANDARD = "gnu++0x";
				CLANG_CXX_LIBRARY = "libc++";
				CLANG_ENABLE_MODULES = YES;
				CLANG_ENABLE_OBJC_ARC = YES;
				CLANG_WARN_BOOL_CONVERSION = YES;
				CLANG_WARN_CONSTANT_CONVERSION = YES;
				CLANG_WARN_DIRECT_OBJC_ISA_USAGE = YES_ERROR;
				CLANG_WARN_EMPTY_BODY = YES;
				CLANG_WARN_ENUM_CONVERSION = YES;
				CLANG_WARN_INT_CONVERSION = YES;
				CLANG_WARN_OBJC_ROOT_CLASS = YES_ERROR;
				CLANG_WARN_UNREACHABLE_CODE = YES;
				CLANG_WARN__DUPLICATE_METHOD_MATCH = YES;
				"CODE_SIGN_IDENTITY[sdk=iphoneos*]" = "iPhone Developer";
				COPY_PHASE_STRIP = NO;
				DEBUG_INFORMATION_FORMAT = "dwarf-with-dsym";
				ENABLE_NS_ASSERTIONS = NO;
				ENABLE_STRICT_OBJC_MSGSEND = YES;
				GCC_C_LANGUAGE_STANDARD = gnu99;
				GCC_NO_COMMON_BLOCKS = YES;
				GCC_WARN_64_TO_32_BIT_CONVERSION = YES;
				GCC_WARN_ABOUT_RETURN_TYPE = YES_ERROR;
				GCC_WARN_UNDECLARED_SELECTOR = YES;
				GCC_WARN_UNINITIALIZED_AUTOS = YES_AGGRESSIVE;
				GCC_WARN_UNUSED_FUNCTION = YES;
				GCC_WARN_UNUSED_VARIABLE = YES;
				IPHONEOS_DEPLOYMENT_TARGET = 9.2;
				MTL_ENABLE_DEBUG_INFO = NO;
				SDKROOT = iphoneos;
				TARGETED_DEVICE_FAMILY = "1,2";
				VALIDATE_PRODUCT = YES;
			};
			name = Release;
		};
		48720D901C7E362500AC870A /* Debug */ = {
			isa = XCBuildConfiguration;
			buildSettings = {
				ASSETCATALOG_COMPILER_APPICON_NAME = AppIcon;
				INFOPLIST_FILE = WKWebViewCustomFont/Info.plist;
				IPHONEOS_DEPLOYMENT_TARGET = 8.1;
				LD_RUNPATH_SEARCH_PATHS = "$(inherited) @executable_path/Frameworks";
				PRODUCT_BUNDLE_IDENTIFIER = com.aditya.deshmane.WKWebViewCustomFont;
				PRODUCT_NAME = "$(TARGET_NAME)";
			};
			name = Debug;
		};
		48720D911C7E362500AC870A /* Release */ = {
			isa = XCBuildConfiguration;
			buildSettings = {
				ASSETCATALOG_COMPILER_APPICON_NAME = AppIcon;
				INFOPLIST_FILE = WKWebViewCustomFont/Info.plist;
				IPHONEOS_DEPLOYMENT_TARGET = 8.1;
				LD_RUNPATH_SEARCH_PATHS = "$(inherited) @executable_path/Frameworks";
				PRODUCT_BUNDLE_IDENTIFIER = com.aditya.deshmane.WKWebViewCustomFont;
				PRODUCT_NAME = "$(TARGET_NAME)";
			};
			name = Release;
		};
/* End XCBuildConfiguration section */

/* Begin XCConfigurationList section */
		48720D731C7E362400AC870A /* Build configuration list for PBXProject "WKWebViewCustomFont" */ = {
			isa = XCConfigurationList;
			buildConfigurations = (
				48720D8D1C7E362500AC870A /* Debug */,
				48720D8E1C7E362500AC870A /* Release */,
			);
			defaultConfigurationIsVisible = 0;
			defaultConfigurationName = Release;
		};
		48720D8F1C7E362500AC870A /* Build configuration list for PBXNativeTarget "WKWebViewCustomFont" */ = {
			isa = XCConfigurationList;
			buildConfigurations = (
				48720D901C7E362500AC870A /* Debug */,
				48720D911C7E362500AC870A /* Release */,
			);
			defaultConfigurationIsVisible = 0;
		};
/* End XCConfigurationList section */
	};
	rootObject = 48720D701C7E362400AC870A /* Project object */;
}
